// !$*UTF8*$!
{
	archiveVersion = 1;
	classes = {
	};
	objectVersion = 55;
	objects = {

/* Begin PBXBuildFile section */
		D0A502E928103BD600EF8A01 /* AppDelegate.swift in Sources */ = {isa = PBXBuildFile; fileRef = D0A502E828103BD600EF8A01 /* AppDelegate.swift */; };
		D0A502EB28103BD600EF8A01 /* SceneDelegate.swift in Sources */ = {isa = PBXBuildFile; fileRef = D0A502EA28103BD600EF8A01 /* SceneDelegate.swift */; };
		D0A502ED28103BD600EF8A01 /* ViewController.swift in Sources */ = {isa = PBXBuildFile; fileRef = D0A502EC28103BD600EF8A01 /* ViewController.swift */; };
		D0A502F028103BD600EF8A01 /* Main.storyboard in Resources */ = {isa = PBXBuildFile; fileRef = D0A502EE28103BD600EF8A01 /* Main.storyboard */; };
		D0A502F228103BD900EF8A01 /* Assets.xcassets in Resources */ = {isa = PBXBuildFile; fileRef = D0A502F128103BD900EF8A01 /* Assets.xcassets */; };
		D0A502F528103BD900EF8A01 /* LaunchScreen.storyboard in Resources */ = {isa = PBXBuildFile; fileRef = D0A502F328103BD900EF8A01 /* LaunchScreen.storyboard */; };
		D0A5030028103BDA00EF8A01 /* demonfcTests.swift in Sources */ = {isa = PBXBuildFile; fileRef = D0A502FF28103BDA00EF8A01 /* demonfcTests.swift */; };
		D0A5030A28103BDA00EF8A01 /* demonfcUITests.swift in Sources */ = {isa = PBXBuildFile; fileRef = D0A5030928103BDA00EF8A01 /* demonfcUITests.swift */; };
		D0A5030C28103BDA00EF8A01 /* demonfcUITestsLaunchTests.swift in Sources */ = {isa = PBXBuildFile; fileRef = D0A5030B28103BDA00EF8A01 /* demonfcUITestsLaunchTests.swift */; };
/* End PBXBuildFile section */

/* Begin PBXContainerItemProxy section */
		D0A502FC28103BDA00EF8A01 /* PBXContainerItemProxy */ = {
			isa = PBXContainerItemProxy;
			containerPortal = D0A502DD28103BD500EF8A01 /* Project object */;
			proxyType = 1;
			remoteGlobalIDString = D0A502E428103BD600EF8A01;
			remoteInfo = demonfc;
		};
		D0A5030628103BDA00EF8A01 /* PBXContainerItemProxy */ = {
			isa = PBXContainerItemProxy;
			containerPortal = D0A502DD28103BD500EF8A01 /* Project object */;
			proxyType = 1;
			remoteGlobalIDString = D0A502E428103BD600EF8A01;
			remoteInfo = demonfc;
		};
/* End PBXContainerItemProxy section */

/* Begin PBXFileReference section */
		D0A502E528103BD600EF8A01 /* demonfc.app */ = {isa = PBXFileReference; explicitFileType = wrapper.application; includeInIndex = 0; path = demonfc.app; sourceTree = BUILT_PRODUCTS_DIR; };
		D0A502E828103BD600EF8A01 /* AppDelegate.swift */ = {isa = PBXFileReference; lastKnownFileType = sourcecode.swift; path = AppDelegate.swift; sourceTree = "<group>"; };
		D0A502EA28103BD600EF8A01 /* SceneDelegate.swift */ = {isa = PBXFileReference; lastKnownFileType = sourcecode.swift; path = SceneDelegate.swift; sourceTree = "<group>"; };
		D0A502EC28103BD600EF8A01 /* ViewController.swift */ = {isa = PBXFileReference; lastKnownFileType = sourcecode.swift; path = ViewController.swift; sourceTree = "<group>"; };
		D0A502EF28103BD600EF8A01 /* Base */ = {isa = PBXFileReference; lastKnownFileType = file.storyboard; name = Base; path = Base.lproj/Main.storyboard; sourceTree = "<group>"; };
		D0A502F128103BD900EF8A01 /* Assets.xcassets */ = {isa = PBXFileReference; lastKnownFileType = folder.assetcatalog; path = Assets.xcassets; sourceTree = "<group>"; };
		D0A502F428103BD900EF8A01 /* Base */ = {isa = PBXFileReference; lastKnownFileType = file.storyboard; name = Base; path = Base.lproj/LaunchScreen.storyboard; sourceTree = "<group>"; };
		D0A502F628103BD900EF8A01 /* Info.plist */ = {isa = PBXFileReference; lastKnownFileType = text.plist.xml; path = Info.plist; sourceTree = "<group>"; };
		D0A502FB28103BDA00EF8A01 /* demonfcTests.xctest */ = {isa = PBXFileReference; explicitFileType = wrapper.cfbundle; includeInIndex = 0; path = demonfcTests.xctest; sourceTree = BUILT_PRODUCTS_DIR; };
		D0A502FF28103BDA00EF8A01 /* demonfcTests.swift */ = {isa = PBXFileReference; lastKnownFileType = sourcecode.swift; path = demonfcTests.swift; sourceTree = "<group>"; };
		D0A5030528103BDA00EF8A01 /* demonfcUITests.xctest */ = {isa = PBXFileReference; explicitFileType = wrapper.cfbundle; includeInIndex = 0; path = demonfcUITests.xctest; sourceTree = BUILT_PRODUCTS_DIR; };
		D0A5030928103BDA00EF8A01 /* demonfcUITests.swift */ = {isa = PBXFileReference; lastKnownFileType = sourcecode.swift; path = demonfcUITests.swift; sourceTree = "<group>"; };
		D0A5030B28103BDA00EF8A01 /* demonfcUITestsLaunchTests.swift */ = {isa = PBXFileReference; lastKnownFileType = sourcecode.swift; path = demonfcUITestsLaunchTests.swift; sourceTree = "<group>"; };
		D0D11DB6281120BA00A9D2AD /* demonfc.entitlements */ = {isa = PBXFileReference; fileEncoding = 4; lastKnownFileType = text.plist.entitlements; name = demonfc.entitlements; path = ../../../../.Trash/demonfc.entitlements; sourceTree = "<group>"; };
/* End PBXFileReference section */

/* Begin PBXFrameworksBuildPhase section */
		D0A502E228103BD600EF8A01 /* Frameworks */ = {
			isa = PBXFrameworksBuildPhase;
			buildActionMask = 2147483647;
			files = (
			);
			runOnlyForDeploymentPostprocessing = 0;
		};
		D0A502F828103BDA00EF8A01 /* Frameworks */ = {
			isa = PBXFrameworksBuildPhase;
			buildActionMask = 2147483647;
			files = (
			);
			runOnlyForDeploymentPostprocessing = 0;
		};
		D0A5030228103BDA00EF8A01 /* Frameworks */ = {
			isa = PBXFrameworksBuildPhase;
			buildActionMask = 2147483647;
			files = (
			);
			runOnlyForDeploymentPostprocessing = 0;
		};
/* End PBXFrameworksBuildPhase section */

/* Begin PBXGroup section */
		D0A502DC28103BD500EF8A01 = {
			isa = PBXGroup;
			children = (
				D0A502E728103BD600EF8A01 /* demonfc */,
				D0A502FE28103BDA00EF8A01 /* demonfcTests */,
				D0A5030828103BDA00EF8A01 /* demonfcUITests */,
				D0A502E628103BD600EF8A01 /* Products */,
			);
			sourceTree = "<group>";
		};
		D0A502E628103BD600EF8A01 /* Products */ = {
			isa = PBXGroup;
			children = (
				D0A502E528103BD600EF8A01 /* demonfc.app */,
				D0A502FB28103BDA00EF8A01 /* demonfcTests.xctest */,
				D0A5030528103BDA00EF8A01 /* demonfcUITests.xctest */,
			);
			name = Products;
			sourceTree = "<group>";
		};
		D0A502E728103BD600EF8A01 /* demonfc */ = {
			isa = PBXGroup;
			children = (
				D0D11DB6281120BA00A9D2AD /* demonfc.entitlements */,
				D0A502E828103BD600EF8A01 /* AppDelegate.swift */,
				D0A502EA28103BD600EF8A01 /* SceneDelegate.swift */,
				D0A502EC28103BD600EF8A01 /* ViewController.swift */,
				D0A502EE28103BD600EF8A01 /* Main.storyboard */,
				D0A502F128103BD900EF8A01 /* Assets.xcassets */,
				D0A502F328103BD900EF8A01 /* LaunchScreen.storyboard */,
				D0A502F628103BD900EF8A01 /* Info.plist */,
			);
			path = demonfc;
			sourceTree = "<group>";
		};
		D0A502FE28103BDA00EF8A01 /* demonfcTests */ = {
			isa = PBXGroup;
			children = (
				D0A502FF28103BDA00EF8A01 /* demonfcTests.swift */,
			);
			path = demonfcTests;
			sourceTree = "<group>";
		};
		D0A5030828103BDA00EF8A01 /* demonfcUITests */ = {
			isa = PBXGroup;
			children = (
				D0A5030928103BDA00EF8A01 /* demonfcUITests.swift */,
				D0A5030B28103BDA00EF8A01 /* demonfcUITestsLaunchTests.swift */,
			);
			path = demonfcUITests;
			sourceTree = "<group>";
		};
/* End PBXGroup section */

/* Begin PBXNativeTarget section */
		D0A502E428103BD600EF8A01 /* demonfc */ = {
			isa = PBXNativeTarget;
			buildConfigurationList = D0A5030F28103BDA00EF8A01 /* Build configuration list for PBXNativeTarget "demonfc" */;
			buildPhases = (
				D0A502E128103BD600EF8A01 /* Sources */,
				D0A502E228103BD600EF8A01 /* Frameworks */,
				D0A502E328103BD600EF8A01 /* Resources */,
			);
			buildRules = (
			);
			dependencies = (
			);
			name = demonfc;
			productName = demonfc;
			productReference = D0A502E528103BD600EF8A01 /* demonfc.app */;
			productType = "com.apple.product-type.application";
		};
		D0A502FA28103BDA00EF8A01 /* demonfcTests */ = {
			isa = PBXNativeTarget;
			buildConfigurationList = D0A5031228103BDA00EF8A01 /* Build configuration list for PBXNativeTarget "demonfcTests" */;
			buildPhases = (
				D0A502F728103BDA00EF8A01 /* Sources */,
				D0A502F828103BDA00EF8A01 /* Frameworks */,
				D0A502F928103BDA00EF8A01 /* Resources */,
			);
			buildRules = (
			);
			dependencies = (
				D0A502FD28103BDA00EF8A01 /* PBXTargetDependency */,
			);
			name = demonfcTests;
			productName = demonfcTests;
			productReference = D0A502FB28103BDA00EF8A01 /* demonfcTests.xctest */;
			productType = "com.apple.product-type.bundle.unit-test";
		};
		D0A5030428103BDA00EF8A01 /* demonfcUITests */ = {
			isa = PBXNativeTarget;
			buildConfigurationList = D0A5031528103BDA00EF8A01 /* Build configuration list for PBXNativeTarget "demonfcUITests" */;
			buildPhases = (
				D0A5030128103BDA00EF8A01 /* Sources */,
				D0A5030228103BDA00EF8A01 /* Frameworks */,
				D0A5030328103BDA00EF8A01 /* Resources */,
			);
			buildRules = (
			);
			dependencies = (
				D0A5030728103BDA00EF8A01 /* PBXTargetDependency */,
			);
			name = demonfcUITests;
			productName = demonfcUITests;
			productReference = D0A5030528103BDA00EF8A01 /* demonfcUITests.xctest */;
			productType = "com.apple.product-type.bundle.ui-testing";
		};
/* End PBXNativeTarget section */

/* Begin PBXProject section */
		D0A502DD28103BD500EF8A01 /* Project object */ = {
			isa = PBXProject;
			attributes = {
				BuildIndependentTargetsInParallel = 1;
				LastSwiftUpdateCheck = 1310;
				LastUpgradeCheck = 1310;
				TargetAttributes = {
					D0A502E428103BD600EF8A01 = {
						CreatedOnToolsVersion = 13.1;
					};
					D0A502FA28103BDA00EF8A01 = {
						CreatedOnToolsVersion = 13.1;
						TestTargetID = D0A502E428103BD600EF8A01;
					};
					D0A5030428103BDA00EF8A01 = {
						CreatedOnToolsVersion = 13.1;
						TestTargetID = D0A502E428103BD600EF8A01;
					};
				};
			};
			buildConfigurationList = D0A502E028103BD600EF8A01 /* Build configuration list for PBXProject "demonfc" */;
			compatibilityVersion = "Xcode 13.0";
			developmentRegion = en;
			hasScannedForEncodings = 0;
			knownRegions = (
				en,
				Base,
			);
			mainGroup = D0A502DC28103BD500EF8A01;
			productRefGroup = D0A502E628103BD600EF8A01 /* Products */;
			projectDirPath = "";
			projectRoot = "";
			targets = (
				D0A502E428103BD600EF8A01 /* demonfc */,
				D0A502FA28103BDA00EF8A01 /* demonfcTests */,
				D0A5030428103BDA00EF8A01 /* demonfcUITests */,
			);
		};
/* End PBXProject section */

/* Begin PBXResourcesBuildPhase section */
		D0A502E328103BD600EF8A01 /* Resources */ = {
			isa = PBXResourcesBuildPhase;
			buildActionMask = 2147483647;
			files = (
				D0A502F528103BD900EF8A01 /* LaunchScreen.storyboard in Resources */,
				D0A502F228103BD900EF8A01 /* Assets.xcassets in Resources */,
				D0A502F028103BD600EF8A01 /* Main.storyboard in Resources */,
			);
			runOnlyForDeploymentPostprocessing = 0;
		};
		D0A502F928103BDA00EF8A01 /* Resources */ = {
			isa = PBXResourcesBuildPhase;
			buildActionMask = 2147483647;
			files = (
			);
			runOnlyForDeploymentPostprocessing = 0;
		};
		D0A5030328103BDA00EF8A01 /* Resources */ = {
			isa = PBXResourcesBuildPhase;
			buildActionMask = 2147483647;
			files = (
			);
			runOnlyForDeploymentPostprocessing = 0;
		};
/* End PBXResourcesBuildPhase section */

/* Begin PBXSourcesBuildPhase section */
		D0A502E128103BD600EF8A01 /* Sources */ = {
			isa = PBXSourcesBuildPhase;
			buildActionMask = 2147483647;
			files = (
				D0A502ED28103BD600EF8A01 /* ViewController.swift in Sources */,
				D0A502E928103BD600EF8A01 /* AppDelegate.swift in Sources */,
				D0A502EB28103BD600EF8A01 /* SceneDelegate.swift in Sources */,
			);
			runOnlyForDeploymentPostprocessing = 0;
		};
		D0A502F728103BDA00EF8A01 /* Sources */ = {
			isa = PBXSourcesBuildPhase;
			buildActionMask = 2147483647;
			files = (
				D0A5030028103BDA00EF8A01 /* demonfcTests.swift in Sources */,
			);
			runOnlyForDeploymentPostprocessing = 0;
		};
		D0A5030128103BDA00EF8A01 /* Sources */ = {
			isa = PBXSourcesBuildPhase;
			buildActionMask = 2147483647;
			files = (
				D0A5030A28103BDA00EF8A01 /* demonfcUITests.swift in Sources */,
				D0A5030C28103BDA00EF8A01 /* demonfcUITestsLaunchTests.swift in Sources */,
			);
			runOnlyForDeploymentPostprocessing = 0;
		};
/* End PBXSourcesBuildPhase section */

/* Begin PBXTargetDependency section */
		D0A502FD28103BDA00EF8A01 /* PBXTargetDependency */ = {
			isa = PBXTargetDependency;
			target = D0A502E428103BD600EF8A01 /* demonfc */;
			targetProxy = D0A502FC28103BDA00EF8A01 /* PBXContainerItemProxy */;
		};
		D0A5030728103BDA00EF8A01 /* PBXTargetDependency */ = {
			isa = PBXTargetDependency;
			target = D0A502E428103BD600EF8A01 /* demonfc */;
			targetProxy = D0A5030628103BDA00EF8A01 /* PBXContainerItemProxy */;
		};
/* End PBXTargetDependency section */

/* Begin PBXVariantGroup section */
		D0A502EE28103BD600EF8A01 /* Main.storyboard */ = {
			isa = PBXVariantGroup;
			children = (
				D0A502EF28103BD600EF8A01 /* Base */,
			);
			name = Main.storyboard;
			sourceTree = "<group>";
		};
		D0A502F328103BD900EF8A01 /* LaunchScreen.storyboard */ = {
			isa = PBXVariantGroup;
			children = (
				D0A502F428103BD900EF8A01 /* Base */,
			);
			name = LaunchScreen.storyboard;
			sourceTree = "<group>";
		};
/* End PBXVariantGroup section */

/* Begin XCBuildConfiguration section */
		D0A5030D28103BDA00EF8A01 /* Debug */ = {
			isa = XCBuildConfiguration;
			buildSettings = {
				ALWAYS_SEARCH_USER_PATHS = NO;
				CLANG_ANALYZER_NONNULL = YES;
				CLANG_ANALYZER_NUMBER_OBJECT_CONVERSION = YES_AGGRESSIVE;
				CLANG_CXX_LANGUAGE_STANDARD = "gnu++17";
				CLANG_CXX_LIBRARY = "libc++";
				CLANG_ENABLE_MODULES = YES;
				CLANG_ENABLE_OBJC_ARC = YES;
				CLANG_ENABLE_OBJC_WEAK = YES;
				CLANG_WARN_BLOCK_CAPTURE_AUTORELEASING = YES;
				CLANG_WARN_BOOL_CONVERSION = YES;
				CLANG_WARN_COMMA = YES;
				CLANG_WARN_CONSTANT_CONVERSION = YES;
				CLANG_WARN_DEPRECATED_OBJC_IMPLEMENTATIONS = YES;
				CLANG_WARN_DIRECT_OBJC_ISA_USAGE = YES_ERROR;
				CLANG_WARN_DOCUMENTATION_COMMENTS = YES;
				CLANG_WARN_EMPTY_BODY = YES;
				CLANG_WARN_ENUM_CONVERSION = YES;
				CLANG_WARN_INFINITE_RECURSION = YES;
				CLANG_WARN_INT_CONVERSION = YES;
				CLANG_WARN_NON_LITERAL_NULL_CONVERSION = YES;
				CLANG_WARN_OBJC_IMPLICIT_RETAIN_SELF = YES;
				CLANG_WARN_OBJC_LITERAL_CONVERSION = YES;
				CLANG_WARN_OBJC_ROOT_CLASS = YES_ERROR;
				CLANG_WARN_QUOTED_INCLUDE_IN_FRAMEWORK_HEADER = YES;
				CLANG_WARN_RANGE_LOOP_ANALYSIS = YES;
				CLANG_WARN_STRICT_PROTOTYPES = YES;
				CLANG_WARN_SUSPICIOUS_MOVE = YES;
				CLANG_WARN_UNGUARDED_AVAILABILITY = YES_AGGRESSIVE;
				CLANG_WARN_UNREACHABLE_CODE = YES;
				CLANG_WARN__DUPLICATE_METHOD_MATCH = YES;
				COPY_PHASE_STRIP = NO;
				DEBUG_INFORMATION_FORMAT = dwarf;
				ENABLE_STRICT_OBJC_MSGSEND = YES;
				ENABLE_TESTABILITY = YES;
				GCC_C_LANGUAGE_STANDARD = gnu11;
				GCC_DYNAMIC_NO_PIC = NO;
				GCC_NO_COMMON_BLOCKS = YES;
				GCC_OPTIMIZATION_LEVEL = 0;
				GCC_PREPROCESSOR_DEFINITIONS = (
					"DEBUG=1",
					"$(inherited)",
				);
				GCC_WARN_64_TO_32_BIT_CONVERSION = YES;
				GCC_WARN_ABOUT_RETURN_TYPE = YES_ERROR;
				GCC_WARN_UNDECLARED_SELECTOR = YES;
				GCC_WARN_UNINITIALIZED_AUTOS = YES_AGGRESSIVE;
				GCC_WARN_UNUSED_FUNCTION = YES;
				GCC_WARN_UNUSED_VARIABLE = YES;
				IPHONEOS_DEPLOYMENT_TARGET = 14.7;
				MTL_ENABLE_DEBUG_INFO = INCLUDE_SOURCE;
				MTL_FAST_MATH = YES;
				ONLY_ACTIVE_ARCH = YES;
				SDKROOT = iphoneos;
				SWIFT_ACTIVE_COMPILATION_CONDITIONS = DEBUG;
				SWIFT_OPTIMIZATION_LEVEL = "-Onone";
			};
			name = Debug;
		};
		D0A5030E28103BDA00EF8A01 /* Release */ = {
			isa = XCBuildConfiguration;
			buildSettings = {
				ALWAYS_SEARCH_USER_PATHS = NO;
				CLANG_ANALYZER_NONNULL = YES;
				CLANG_ANALYZER_NUMBER_OBJECT_CONVERSION = YES_AGGRESSIVE;
				CLANG_CXX_LANGUAGE_STANDARD = "gnu++17";
				CLANG_CXX_LIBRARY = "libc++";
				CLANG_ENABLE_MODULES = YES;
				CLANG_ENABLE_OBJC_ARC = YES;
				CLANG_ENABLE_OBJC_WEAK = YES;
				CLANG_WARN_BLOCK_CAPTURE_AUTORELEASING = YES;
				CLANG_WARN_BOOL_CONVERSION = YES;
				CLANG_WARN_COMMA = YES;
				CLANG_WARN_CONSTANT_CONVERSION = YES;
				CLANG_WARN_DEPRECATED_OBJC_IMPLEMENTATIONS = YES;
				CLANG_WARN_DIRECT_OBJC_ISA_USAGE = YES_ERROR;
				CLANG_WARN_DOCUMENTATION_COMMENTS = YES;
				CLANG_WARN_EMPTY_BODY = YES;
				CLANG_WARN_ENUM_CONVERSION = YES;
				CLANG_WARN_INFINITE_RECURSION = YES;
				CLANG_WARN_INT_CONVERSION = YES;
				CLANG_WARN_NON_LITERAL_NULL_CONVERSION = YES;
				CLANG_WARN_OBJC_IMPLICIT_RETAIN_SELF = YES;
				CLANG_WARN_OBJC_LITERAL_CONVERSION = YES;
				CLANG_WARN_OBJC_ROOT_CLASS = YES_ERROR;
				CLANG_WARN_QUOTED_INCLUDE_IN_FRAMEWORK_HEADER = YES;
				CLANG_WARN_RANGE_LOOP_ANALYSIS = YES;
				CLANG_WARN_STRICT_PROTOTYPES = YES;
				CLANG_WARN_SUSPICIOUS_MOVE = YES;
				CLANG_WARN_UNGUARDED_AVAILABILITY = YES_AGGRESSIVE;
				CLANG_WARN_UNREACHABLE_CODE = YES;
				CLANG_WARN__DUPLICATE_METHOD_MATCH = YES;
				COPY_PHASE_STRIP = NO;
				DEBUG_INFORMATION_FORMAT = "dwarf-with-dsym";
				ENABLE_NS_ASSERTIONS = NO;
				ENABLE_STRICT_OBJC_MSGSEND = YES;
				GCC_C_LANGUAGE_STANDARD = gnu11;
				GCC_NO_COMMON_BLOCKS = YES;
				GCC_WARN_64_TO_32_BIT_CONVERSION = YES;
				GCC_WARN_ABOUT_RETURN_TYPE = YES_ERROR;
				GCC_WARN_UNDECLARED_SELECTOR = YES;
				GCC_WARN_UNINITIALIZED_AUTOS = YES_AGGRESSIVE;
				GCC_WARN_UNUSED_FUNCTION = YES;
				GCC_WARN_UNUSED_VARIABLE = YES;
				IPHONEOS_DEPLOYMENT_TARGET = 14.7;
				MTL_ENABLE_DEBUG_INFO = NO;
				MTL_FAST_MATH = YES;
				SDKROOT = iphoneos;
				SWIFT_COMPILATION_MODE = wholemodule;
				SWIFT_OPTIMIZATION_LEVEL = "-O";
				VALIDATE_PRODUCT = YES;
			};
			name = Release;
		};
		D0A5031028103BDA00EF8A01 /* Debug */ = {
			isa = XCBuildConfiguration;
			buildSettings = {
				ASSETCATALOG_COMPILER_APPICON_NAME = AppIcon;
				ASSETCATALOG_COMPILER_GLOBAL_ACCENT_COLOR_NAME = AccentColor;
				CODE_SIGN_ENTITLEMENTS = demonfc/demonfc.entitlements;
				CODE_SIGN_IDENTITY = "Apple Development: Abhinav Nishant (EDAWHJ6739)";
				CODE_SIGN_STYLE = Manual;
				CURRENT_PROJECT_VERSION = 1;
				DEVELOPMENT_TEAM = UF7659N6UE;
				GENERATE_INFOPLIST_FILE = YES;
				INFOPLIST_FILE = demonfc/Info.plist;
				INFOPLIST_KEY_UIApplicationSupportsIndirectInputEvents = YES;
				INFOPLIST_KEY_UILaunchStoryboardName = LaunchScreen;
				INFOPLIST_KEY_UIMainStoryboardFile = Main;
				INFOPLIST_KEY_UISupportedInterfaceOrientations_iPad = "UIInterfaceOrientationPortrait UIInterfaceOrientationPortraitUpsideDown UIInterfaceOrientationLandscapeLeft UIInterfaceOrientationLandscapeRight";
				INFOPLIST_KEY_UISupportedInterfaceOrientations_iPhone = "UIInterfaceOrientationPortrait UIInterfaceOrientationLandscapeLeft UIInterfaceOrientationLandscapeRight";
				LD_RUNPATH_SEARCH_PATHS = (
					"$(inherited)",
					"@executable_path/Frameworks",
				);
				MARKETING_VERSION = 1.0;
				PRODUCT_BUNDLE_IDENTIFIER = com.intg.demonfc;
				PRODUCT_NAME = "$(TARGET_NAME)";
				PROVISIONING_PROFILE_SPECIFIER = demoNFC_dev;
				SWIFT_EMIT_LOC_STRINGS = YES;
				SWIFT_VERSION = 5.0;
				TARGETED_DEVICE_FAMILY = "1,2";
			};
			name = Debug;
		};
		D0A5031128103BDA00EF8A01 /* Release */ = {
			isa = XCBuildConfiguration;
			buildSettings = {
				ASSETCATALOG_COMPILER_APPICON_NAME = AppIcon;
				ASSETCATALOG_COMPILER_GLOBAL_ACCENT_COLOR_NAME = AccentColor;
				CODE_SIGN_ENTITLEMENTS = demonfc/demonfc.entitlements;
				CODE_SIGN_IDENTITY = "Apple Development: Abhinav Nishant (EDAWHJ6739)";
				CODE_SIGN_STYLE = Manual;
				CURRENT_PROJECT_VERSION = 1;
				DEVELOPMENT_TEAM = UF7659N6UE;
				GENERATE_INFOPLIST_FILE = YES;
				INFOPLIST_FILE = demonfc/Info.plist;
				INFOPLIST_KEY_UIApplicationSupportsIndirectInputEvents = YES;
				INFOPLIST_KEY_UILaunchStoryboardName = LaunchScreen;
				INFOPLIST_KEY_UIMainStoryboardFile = Main;
				INFOPLIST_KEY_UISupportedInterfaceOrientations_iPad = "UIInterfaceOrientationPortrait UIInterfaceOrientationPortraitUpsideDown UIInterfaceOrientationLandscapeLeft UIInterfaceOrientationLandscapeRight";
				INFOPLIST_KEY_UISupportedInterfaceOrientations_iPhone = "UIInterfaceOrientationPortrait UIInterfaceOrientationLandscapeLeft UIInterfaceOrientationLandscapeRight";
				LD_RUNPATH_SEARCH_PATHS = (
					"$(inherited)",
					"@executable_path/Frameworks",
				);
				MARKETING_VERSION = 1.0;
				PRODUCT_BUNDLE_IDENTIFIER = com.intg.demonfc;
				PRODUCT_NAME = "$(TARGET_NAME)";
				PROVISIONING_PROFILE_SPECIFIER = demoNFC_dev;
				SWIFT_EMIT_LOC_STRINGS = YES;
				SWIFT_VERSION = 5.0;
				TARGETED_DEVICE_FAMILY = "1,2";
			};
			name = Release;
		};
		D0A5031328103BDA00EF8A01 /* Debug */ = {
			isa = XCBuildConfiguration;
			buildSettings = {
				ALWAYS_EMBED_SWIFT_STANDARD_LIBRARIES = YES;
				BUNDLE_LOADER = "$(TEST_HOST)";
				CODE_SIGN_STYLE = Automatic;
				CURRENT_PROJECT_VERSION = 1;
				DEVELOPMENT_TEAM = 6AFM8FNBAY;
				GENERATE_INFOPLIST_FILE = YES;
				IPHONEOS_DEPLOYMENT_TARGET = 15.0;
				LD_RUNPATH_SEARCH_PATHS = (
					"$(inherited)",
					"@executable_path/Frameworks",
					"@loader_path/Frameworks",
				);
				MARKETING_VERSION = 1.0;
				PRODUCT_BUNDLE_IDENTIFIER = com.intg.demonfcTests;
				PRODUCT_NAME = "$(TARGET_NAME)";
				SWIFT_EMIT_LOC_STRINGS = NO;
				SWIFT_VERSION = 5.0;
				TARGETED_DEVICE_FAMILY = "1,2";
				TEST_HOST = "$(BUILT_PRODUCTS_DIR)/demonfc.app/demonfc";
			};
			name = Debug;
		};
		D0A5031428103BDA00EF8A01 /* Release */ = {
			isa = XCBuildConfiguration;
			buildSettings = {
				ALWAYS_EMBED_SWIFT_STANDARD_LIBRARIES = YES;
				BUNDLE_LOADER = "$(TEST_HOST)";
				CODE_SIGN_STYLE = Automatic;
				CURRENT_PROJECT_VERSION = 1;
				DEVELOPMENT_TEAM = 6AFM8FNBAY;
				GENERATE_INFOPLIST_FILE = YES;
				IPHONEOS_DEPLOYMENT_TARGET = 15.0;
				LD_RUNPATH_SEARCH_PATHS = (
					"$(inherited)",
					"@executable_path/Frameworks",
					"@loader_path/Frameworks",
				);
				MARKETING_VERSION = 1.0;
				PRODUCT_BUNDLE_IDENTIFIER = com.intg.demonfcTests;
				PRODUCT_NAME = "$(TARGET_NAME)";
				SWIFT_EMIT_LOC_STRINGS = NO;
				SWIFT_VERSION = 5.0;
				TARGETED_DEVICE_FAMILY = "1,2";
				TEST_HOST = "$(BUILT_PRODUCTS_DIR)/demonfc.app/demonfc";
			};
			name = Release;
		};
		D0A5031628103BDA00EF8A01 /* Debug */ = {
			isa = XCBuildConfiguration;
			buildSettings = {
				ALWAYS_EMBED_SWIFT_STANDARD_LIBRARIES = YES;
				CODE_SIGN_STYLE = Automatic;
				CURRENT_PROJECT_VERSION = 1;
				DEVELOPMENT_TEAM = 6AFM8FNBAY;
				GENERATE_INFOPLIST_FILE = YES;
				LD_RUNPATH_SEARCH_PATHS = (
					"$(inherited)",
					"@executable_path/Frameworks",
					"@loader_path/Frameworks",
				);
				MARKETING_VERSION = 1.0;
				PRODUCT_BUNDLE_IDENTIFIER = com.intg.demonfcUITests;
				PRODUCT_NAME = "$(TARGET_NAME)";
				SWIFT_EMIT_LOC_STRINGS = NO;
				SWIFT_VERSION = 5.0;
				TARGETED_DEVICE_FAMILY = "1,2";
				TEST_TARGET_NAME = demonfc;
			};
			name = Debug;
		};
		D0A5031728103BDA00EF8A01 /* Release */ = {
			isa = XCBuildConfiguration;
			buildSettings = {
				ALWAYS_EMBED_SWIFT_STANDARD_LIBRARIES = YES;
				CODE_SIGN_STYLE = Automatic;
				CURRENT_PROJECT_VERSION = 1;
				DEVELOPMENT_TEAM = 6AFM8FNBAY;
				GENERATE_INFOPLIST_FILE = YES;
				LD_RUNPATH_SEARCH_PATHS = (
					"$(inherited)",
					"@executable_path/Frameworks",
					"@loader_path/Frameworks",
				);
				MARKETING_VERSION = 1.0;
				PRODUCT_BUNDLE_IDENTIFIER = com.intg.demonfcUITests;
				PRODUCT_NAME = "$(TARGET_NAME)";
				SWIFT_EMIT_LOC_STRINGS = NO;
				SWIFT_VERSION = 5.0;
				TARGETED_DEVICE_FAMILY = "1,2";
				TEST_TARGET_NAME = demonfc;
			};
			name = Release;
		};
/* End XCBuildConfiguration section */

/* Begin XCConfigurationList section */
		D0A502E028103BD600EF8A01 /* Build configuration list for PBXProject "demonfc" */ = {
			isa = XCConfigurationList;
			buildConfigurations = (
				D0A5030D28103BDA00EF8A01 /* Debug */,
				D0A5030E28103BDA00EF8A01 /* Release */,
			);
			defaultConfigurationIsVisible = 0;
			defaultConfigurationName = Release;
		};
		D0A5030F28103BDA00EF8A01 /* Build configuration list for PBXNativeTarget "demonfc" */ = {
			isa = XCConfigurationList;
			buildConfigurations = (
				D0A5031028103BDA00EF8A01 /* Debug */,
				D0A5031128103BDA00EF8A01 /* Release */,
			);
			defaultConfigurationIsVisible = 0;
			defaultConfigurationName = Release;
		};
		D0A5031228103BDA00EF8A01 /* Build configuration list for PBXNativeTarget "demonfcTests" */ = {
			isa = XCConfigurationList;
			buildConfigurations = (
				D0A5031328103BDA00EF8A01 /* Debug */,
				D0A5031428103BDA00EF8A01 /* Release */,
			);
			defaultConfigurationIsVisible = 0;
			defaultConfigurationName = Release;
		};
		D0A5031528103BDA00EF8A01 /* Build configuration list for PBXNativeTarget "demonfcUITests" */ = {
			isa = XCConfigurationList;
			buildConfigurations = (
				D0A5031628103BDA00EF8A01 /* Debug */,
				D0A5031728103BDA00EF8A01 /* Release */,
			);
			defaultConfigurationIsVisible = 0;
			defaultConfigurationName = Release;
		};
/* End XCConfigurationList section */
	};
	rootObject = D0A502DD28103BD500EF8A01 /* Project object */;
}
